
Microsoft Visual Studio Solution File, Format Version 12.00
Project("{FAE04EC0-301F-11D3-BF4B-00C04F79EFBC}") = "API", "API\API.csproj", "{1E10ABD6-364A-474C-AEEC-42112A2DA60D}"
EndProject
Project("{2150E333-8FDC-42A3-9474-1A3956D46DE8}") = "Solution Items", "Solution Items", "{E0D01A9E-93CF-4530-80EB-413EE8EC9469}"
	ProjectSection(SolutionItems) = preProject
		compose.yaml = compose.yaml
		..\README.md = ..\README.md
	EndProjectSection
EndProject
Project("{FAE04EC0-301F-11D3-BF4B-00C04F79EFBC}") = "Domain", "Domain\Domain.csproj", "{0052F5CC-FB86-4628-A667-EF038DA066B9}"
EndProject
Project("{FAE04EC0-301F-11D3-BF4B-00C04F79EFBC}") = "UnitTests", "UnitTests\UnitTests.csproj", "{C0E36233-F1DB-43F2-AB24-53E7E721E2FB}"
EndProject
Project("{FAE04EC0-301F-11D3-BF4B-00C04F79EFBC}") = "Infrastructure", "Infrastructure\Infrastructure.csproj", "{0604927A-4EBD-4284-904A-DD049E428AD8}"
EndProject
Project("{FAE04EC0-301F-11D3-BF4B-00C04F79EFBC}") = "Application", "Application\Application.csproj", "{82BAE3C4-83E1-4C3B-A983-1C4E4C6CCF42}"
EndProject
Global
	GlobalSection(SolutionConfigurationPlatforms) = preSolution
		Debug|Any CPU = Debug|Any CPU
		Release|Any CPU = Release|Any CPU
	EndGlobalSection
	GlobalSection(ProjectConfigurationPlatforms) = postSolution
		{1E10ABD6-364A-474C-AEEC-42112A2DA60D}.Debug|Any CPU.ActiveCfg = Debug|Any CPU
		{1E10ABD6-364A-474C-AEEC-42112A2DA60D}.Debug|Any CPU.Build.0 = Debug|Any CPU
		{1E10ABD6-364A-474C-AEEC-42112A2DA60D}.Release|Any CPU.ActiveCfg = Release|Any CPU
		{1E10ABD6-364A-474C-AEEC-42112A2DA60D}.Release|Any CPU.Build.0 = Release|Any CPU
		{0052F5CC-FB86-4628-A667-EF038DA066B9}.Debug|Any CPU.ActiveCfg = Debug|Any CPU
		{0052F5CC-FB86-4628-A667-EF038DA066B9}.Debug|Any CPU.Build.0 = Debug|Any CPU
		{0052F5CC-FB86-4628-A667-EF038DA066B9}.Release|Any CPU.ActiveCfg = Release|Any CPU
		{0052F5CC-FB86-4628-A667-EF038DA066B9}.Release|Any CPU.Build.0 = Release|Any CPU
		{C0E36233-F1DB-43F2-AB24-53E7E721E2FB}.Debug|Any CPU.ActiveCfg = Debug|Any CPU
		{C0E36233-F1DB-43F2-AB24-53E7E721E2FB}.Debug|Any CPU.Build.0 = Debug|Any CPU
		{C0E36233-F1DB-43F2-AB24-53E7E721E2FB}.Release|Any CPU.ActiveCfg = Release|Any CPU
		{C0E36233-F1DB-43F2-AB24-53E7E721E2FB}.Release|Any CPU.Build.0 = Release|Any CPU
		{0604927A-4EBD-4284-904A-DD049E428AD8}.Debug|Any CPU.ActiveCfg = Debug|Any CPU
		{0604927A-4EBD-4284-904A-DD049E428AD8}.Debug|Any CPU.Build.0 = Debug|Any CPU
		{0604927A-4EBD-4284-904A-DD049E428AD8}.Release|Any CPU.ActiveCfg = Release|Any CPU
		{0604927A-4EBD-4284-904A-DD049E428AD8}.Release|Any CPU.Build.0 = Release|Any CPU
		{82BAE3C4-83E1-4C3B-A983-1C4E4C6CCF42}.Debug|Any CPU.ActiveCfg = Debug|Any CPU
		{82BAE3C4-83E1-4C3B-A983-1C4E4C6CCF42}.Debug|Any CPU.Build.0 = Debug|Any CPU
		{82BAE3C4-83E1-4C3B-A983-1C4E4C6CCF42}.Release|Any CPU.ActiveCfg = Release|Any CPU
		{82BAE3C4-83E1-4C3B-A983-1C4E4C6CCF42}.Release|Any CPU.Build.0 = Release|Any CPU
	EndGlobalSection
EndGlobal
